PODS:
  - AFNetworking (4.0.1):
    - AFNetworking/NSURLSession (= 4.0.1)
    - AFNetworking/Reachability (= 4.0.1)
    - AFNetworking/Security (= 4.0.1)
    - AFNetworking/Serialization (= 4.0.1)
    - AFNetworking/UIKit (= 4.0.1)
  - AFNetworking/NSURLSession (4.0.1):
    - AFNetworking/Reachability
    - AFNetworking/Security
    - AFNetworking/Serialization
  - AFNetworking/Reachability (4.0.1)
  - AFNetworking/Security (4.0.1)
  - AFNetworking/Serialization (4.0.1)
  - AFNetworking/UIKit (4.0.1):
    - AFNetworking/NSURLSession
  - Mixin (0.1.0)
  - SnapKit (4.2.0)

DEPENDENCIES:
  - AFNetworking
  - "Mixin (from `git@github.com:looseyi/Mixin.git`, branch `master`)"
  - SnapKit

SPEC REPOS:
  trunk:
    - AFNetworking
    - SnapKit

EXTERNAL SOURCES:
  Mixin:
    :branch: master
    :git: "git@github.com:looseyi/Mixin.git"

CHECKOUT OPTIONS:
  Mixin:
    :commit: 02f9c1b1463e16a72c5d28373860269a4572b88b
    :git: "git@github.com:looseyi/Mixin.git"

SPEC CHECKSUMS:
  AFNetworking: 7864c38297c79aaca1500c33288e429c3451fdce
  Mixin: f8222000156b9c8e21ebdfc37a870a6c8af56d40
  SnapKit: fe8a619752f3f27075cc9a90244d75c6c3f27e2a

PODFILE CHECKSUM: 0971b5420b457ab7ce50994900607dcf8d62c7d6

COCOAPODS: 1.9.3
